<?xml version="1.0" encoding="UTF-8"?>
<Scheme
   version = "1.3">
   <BuildAction>
      <BuildActionEntries>
         <BuildActionEntry
            buildForRunning = "YES">
            <BuildableReference
               BuildableIdentifier = "primary"
               BlueprintIdentifier = "06C86E4E1D8208D900A43411"
               BuildableName = "NextLevel.framework"
               BlueprintName = "NextLevel"
               ReferencedContainer = "container:NextLevel.xcodeproj">
            </BuildableReference>
         </BuildActionEntry>
      </BuildActionEntries>
   </BuildAction>
   <LaunchAction
      useCustomWorkingDirectory = "NO"
      buildConfiguration = "Release"
      allowLocationSimulation = "YES">
   </LaunchAction>
</Scheme>
